// !$*UTF8*$!
{
	archiveVersion = 1;
	classes = {
	};
	objectVersion = 51;
	objects = {

/* Begin PBXBuildFile section */
		5E32795725043079001374D8 /* request.swift in Sources */ = {isa = PBXBuildFile; fileRef = 5E32795625043079001374D8 /* request.swift */; };
		5E327963250D097E001374D8 /* IconsKey.swift in Sources */ = {isa = PBXBuildFile; fileRef = 5E327962250D097D001374D8 /* IconsKey.swift */; };
		5E327965250E25E2001374D8 /* LocationManager.swift in Sources */ = {isa = PBXBuildFile; fileRef = 5E327964250E25E2001374D8 /* LocationManager.swift */; };
		5E3991692565C52F00F9A6E8 /* Modal.swift in Sources */ = {isa = PBXBuildFile; fileRef = 5E3991682565C52F00F9A6E8 /* Modal.swift */; };
		5E87241A251D13FC006899E6 /* ForecastCollectionViewCell.swift in Sources */ = {isa = PBXBuildFile; fileRef = 5E872418251D13FC006899E6 /* ForecastCollectionViewCell.swift */; };
		5E87241B251D13FC006899E6 /* ForecastCollectionViewCell.xib in Resources */ = {isa = PBXBuildFile; fileRef = 5E872419251D13FC006899E6 /* ForecastCollectionViewCell.xib */; };
		5E872424251D15E4006899E6 /* exUICollection.swift in Sources */ = {isa = PBXBuildFile; fileRef = 5E872423251D15E4006899E6 /* exUICollection.swift */; };
		5EBDA5E925002601001B11DD /* AppDelegate.swift in Sources */ = {isa = PBXBuildFile; fileRef = 5EBDA5E825002601001B11DD /* AppDelegate.swift */; };
		5EBDA5EB25002601001B11DD /* SceneDelegate.swift in Sources */ = {isa = PBXBuildFile; fileRef = 5EBDA5EA25002601001B11DD /* SceneDelegate.swift */; };
		5EBDA5ED25002601001B11DD /* ViewController.swift in Sources */ = {isa = PBXBuildFile; fileRef = 5EBDA5EC25002601001B11DD /* ViewController.swift */; };
		5EBDA5F025002601001B11DD /* Main.storyboard in Resources */ = {isa = PBXBuildFile; fileRef = 5EBDA5EE25002601001B11DD /* Main.storyboard */; };
		5EBDA5F22500260A001B11DD /* Assets.xcassets in Resources */ = {isa = PBXBuildFile; fileRef = 5EBDA5F12500260A001B11DD /* Assets.xcassets */; };
		5EBDA5F52500260A001B11DD /* LaunchScreen.storyboard in Resources */ = {isa = PBXBuildFile; fileRef = 5EBDA5F32500260A001B11DD /* LaunchScreen.storyboard */; };
		69492552999A4CC4C414A8BF /* Pods_almofireWeather.framework in Frameworks */ = {isa = PBXBuildFile; fileRef = 5C7C847E869F0BC7C65A2A6E /* Pods_almofireWeather.framework */; };
/* End PBXBuildFile section */

/* Begin PBXFileReference section */
		420862EDA8BAF945EB9AF5D6 /* Pods-almofireWeather.release.xcconfig */ = {isa = PBXFileReference; includeInIndex = 1; lastKnownFileType = text.xcconfig; name = "Pods-almofireWeather.release.xcconfig"; path = "Target Support Files/Pods-almofireWeather/Pods-almofireWeather.release.xcconfig"; sourceTree = "<group>"; };
		5C7C847E869F0BC7C65A2A6E /* Pods_almofireWeather.framework */ = {isa = PBXFileReference; explicitFileType = wrapper.framework; includeInIndex = 0; path = Pods_almofireWeather.framework; sourceTree = BUILT_PRODUCTS_DIR; };
		5E32795625043079001374D8 /* request.swift */ = {isa = PBXFileReference; lastKnownFileType = sourcecode.swift; path = request.swift; sourceTree = "<group>"; };
		5E327962250D097D001374D8 /* IconsKey.swift */ = {isa = PBXFileReference; lastKnownFileType = sourcecode.swift; name = IconsKey.swift; path = "/Users/Ash/Desktop/Программирование/almofireWeather/almofireWeather/IconsKey.swift"; sourceTree = "<absolute>"; };
		5E327964250E25E2001374D8 /* LocationManager.swift */ = {isa = PBXFileReference; lastKnownFileType = sourcecode.swift; path = LocationManager.swift; sourceTree = "<group>"; };
		5E3991682565C52F00F9A6E8 /* Modal.swift */ = {isa = PBXFileReference; lastKnownFileType = sourcecode.swift; path = Modal.swift; sourceTree = "<group>"; };
		5E872418251D13FC006899E6 /* ForecastCollectionViewCell.swift */ = {isa = PBXFileReference; lastKnownFileType = sourcecode.swift; path = ForecastCollectionViewCell.swift; sourceTree = "<group>"; };
		5E872419251D13FC006899E6 /* ForecastCollectionViewCell.xib */ = {isa = PBXFileReference; lastKnownFileType = file.xib; path = ForecastCollectionViewCell.xib; sourceTree = "<group>"; };
		5E872423251D15E4006899E6 /* exUICollection.swift */ = {isa = PBXFileReference; lastKnownFileType = sourcecode.swift; path = exUICollection.swift; sourceTree = "<group>"; };
		5EBDA5E525002601001B11DD /* almofireWeather.app */ = {isa = PBXFileReference; explicitFileType = wrapper.application; includeInIndex = 0; path = almofireWeather.app; sourceTree = BUILT_PRODUCTS_DIR; };
		5EBDA5E825002601001B11DD /* AppDelegate.swift */ = {isa = PBXFileReference; lastKnownFileType = sourcecode.swift; path = AppDelegate.swift; sourceTree = "<group>"; };
		5EBDA5EA25002601001B11DD /* SceneDelegate.swift */ = {isa = PBXFileReference; lastKnownFileType = sourcecode.swift; path = SceneDelegate.swift; sourceTree = "<group>"; };
		5EBDA5EC25002601001B11DD /* ViewController.swift */ = {isa = PBXFileReference; lastKnownFileType = sourcecode.swift; path = ViewController.swift; sourceTree = "<group>"; };
		5EBDA5EF25002601001B11DD /* Base */ = {isa = PBXFileReference; lastKnownFileType = file.storyboard; name = Base; path = Base.lproj/Main.storyboard; sourceTree = "<group>"; };
		5EBDA5F12500260A001B11DD /* Assets.xcassets */ = {isa = PBXFileReference; lastKnownFileType = folder.assetcatalog; path = Assets.xcassets; sourceTree = "<group>"; };
		5EBDA5F42500260A001B11DD /* Base */ = {isa = PBXFileReference; lastKnownFileType = file.storyboard; name = Base; path = Base.lproj/LaunchScreen.storyboard; sourceTree = "<group>"; };
		5EBDA5F62500260A001B11DD /* Info.plist */ = {isa = PBXFileReference; lastKnownFileType = text.plist.xml; path = Info.plist; sourceTree = "<group>"; };
		FF5136ABE1E0E9ED4D13E545 /* Pods-almofireWeather.debug.xcconfig */ = {isa = PBXFileReference; includeInIndex = 1; lastKnownFileType = text.xcconfig; name = "Pods-almofireWeather.debug.xcconfig"; path = "Target Support Files/Pods-almofireWeather/Pods-almofireWeather.debug.xcconfig"; sourceTree = "<group>"; };
/* End PBXFileReference section */

/* Begin PBXFrameworksBuildPhase section */
		5EBDA5E225002601001B11DD /* Frameworks */ = {
			isa = PBXFrameworksBuildPhase;
			buildActionMask = 2147483647;
			files = (
				69492552999A4CC4C414A8BF /* Pods_almofireWeather.framework in Frameworks */,
			);
			runOnlyForDeploymentPostprocessing = 0;
		};
/* End PBXFrameworksBuildPhase section */

/* Begin PBXGroup section */
		5E39915C2565C0F400F9A6E8 /* Controller */ = {
			isa = PBXGroup;
			children = (
				5E327964250E25E2001374D8 /* LocationManager.swift */,
				5E32795625043079001374D8 /* request.swift */,
				5EBDA5EC25002601001B11DD /* ViewController.swift */,
				5E872423251D15E4006899E6 /* exUICollection.swift */,
				5E872418251D13FC006899E6 /* ForecastCollectionViewCell.swift */,
			);
			path = Controller;
			sourceTree = "<group>";
		};
		5E3991652565C3DF00F9A6E8 /* View */ = {
			isa = PBXGroup;
			children = (
				5EBDA5EE25002601001B11DD /* Main.storyboard */,
				5E872419251D13FC006899E6 /* ForecastCollectionViewCell.xib */,
			);
			path = View;
			sourceTree = "<group>";
		};
		5E3991672565C4AF00F9A6E8 /* Modal */ = {
			isa = PBXGroup;
			children = (
				5E327962250D097D001374D8 /* IconsKey.swift */,
				5E3991682565C52F00F9A6E8 /* Modal.swift */,
			);
			path = Modal;
			sourceTree = "<group>";
		};
		5EBDA5DC25002601001B11DD = {
			isa = PBXGroup;
			children = (
				5EBDA5E725002601001B11DD /* almofireWeather */,
				5EBDA5E625002601001B11DD /* Products */,
				C583089EC400999C11470845 /* Pods */,
				FB11ABDD58A5D3568A22E794 /* Frameworks */,
			);
			sourceTree = "<group>";
		};
		5EBDA5E625002601001B11DD /* Products */ = {
			isa = PBXGroup;
			children = (
				5EBDA5E525002601001B11DD /* almofireWeather.app */,
			);
			name = Products;
			sourceTree = "<group>";
		};
		5EBDA5E725002601001B11DD /* almofireWeather */ = {
			isa = PBXGroup;
			children = (
				5E3991672565C4AF00F9A6E8 /* Modal */,
				5E3991652565C3DF00F9A6E8 /* View */,
				5E39915C2565C0F400F9A6E8 /* Controller */,
				5EBDA5E825002601001B11DD /* AppDelegate.swift */,
				5EBDA5EA25002601001B11DD /* SceneDelegate.swift */,
				5EBDA5F12500260A001B11DD /* Assets.xcassets */,
				5EBDA5F32500260A001B11DD /* LaunchScreen.storyboard */,
				5EBDA5F62500260A001B11DD /* Info.plist */,
			);
			path = almofireWeather;
			sourceTree = "<group>";
		};
		C583089EC400999C11470845 /* Pods */ = {
			isa = PBXGroup;
			children = (
				FF5136ABE1E0E9ED4D13E545 /* Pods-almofireWeather.debug.xcconfig */,
				420862EDA8BAF945EB9AF5D6 /* Pods-almofireWeather.release.xcconfig */,
			);
			path = Pods;
			sourceTree = "<group>";
		};
		FB11ABDD58A5D3568A22E794 /* Frameworks */ = {
			isa = PBXGroup;
			children = (
				5C7C847E869F0BC7C65A2A6E /* Pods_almofireWeather.framework */,
			);
			name = Frameworks;
			sourceTree = "<group>";
		};
/* End PBXGroup section */

/* Begin PBXNativeTarget section */
		5EBDA5E425002601001B11DD /* almofireWeather */ = {
			isa = PBXNativeTarget;
			buildConfigurationList = 5EBDA5F92500260A001B11DD /* Build configuration list for PBXNativeTarget "almofireWeather" */;
			buildPhases = (
				C56B7547D106A8C55FD1F4F3 /* [CP] Check Pods Manifest.lock */,
				5EBDA5E125002601001B11DD /* Sources */,
				5EBDA5E225002601001B11DD /* Frameworks */,
				5EBDA5E325002601001B11DD /* Resources */,
				B938433A21A0200FDE2797D6 /* [CP] Embed Pods Frameworks */,
			);
			buildRules = (
			);
			dependencies = (
			);
			name = almofireWeather;
			productName = almofireWeather;
			productReference = 5EBDA5E525002601001B11DD /* almofireWeather.app */;
			productType = "com.apple.product-type.application";
		};
/* End PBXNativeTarget section */

/* Begin PBXProject section */
		5EBDA5DD25002601001B11DD /* Project object */ = {
			isa = PBXProject;
			attributes = {
				LastSwiftUpdateCheck = 1160;
				LastUpgradeCheck = 1200;
				ORGANIZATIONNAME = Ash;
				TargetAttributes = {
					5EBDA5E425002601001B11DD = {
						CreatedOnToolsVersion = 11.6;
					};
				};
			};
			buildConfigurationList = 5EBDA5E025002601001B11DD /* Build configuration list for PBXProject "almofireWeather" */;
			compatibilityVersion = "Xcode 9.3";
			developmentRegion = en;
			hasScannedForEncodings = 0;
			knownRegions = (
				en,
				Base,
			);
			mainGroup = 5EBDA5DC25002601001B11DD;
			productRefGroup = 5EBDA5E625002601001B11DD /* Products */;
			projectDirPath = "";
			projectRoot = "";
			targets = (
				5EBDA5E425002601001B11DD /* almofireWeather */,
			);
		};
/* End PBXProject section */

/* Begin PBXResourcesBuildPhase section */
		5EBDA5E325002601001B11DD /* Resources */ = {
			isa = PBXResourcesBuildPhase;
			buildActionMask = 2147483647;
			files = (
				5EBDA5F52500260A001B11DD /* LaunchScreen.storyboard in Resources */,
				5EBDA5F22500260A001B11DD /* Assets.xcassets in Resources */,
				5E87241B251D13FC006899E6 /* ForecastCollectionViewCell.xib in Resources */,
				5EBDA5F025002601001B11DD /* Main.storyboard in Resources */,
			);
			runOnlyForDeploymentPostprocessing = 0;
		};
/* End PBXResourcesBuildPhase section */

/* Begin PBXShellScriptBuildPhase section */
		B938433A21A0200FDE2797D6 /* [CP] Embed Pods Frameworks */ = {
			isa = PBXShellScriptBuildPhase;
			buildActionMask = 2147483647;
			files = (
			);
			inputFileListPaths = (
				"${PODS_ROOT}/Target Support Files/Pods-almofireWeather/Pods-almofireWeather-frameworks-${CONFIGURATION}-input-files.xcfilelist",
			);
			name = "[CP] Embed Pods Frameworks";
			outputFileListPaths = (
				"${PODS_ROOT}/Target Support Files/Pods-almofireWeather/Pods-almofireWeather-frameworks-${CONFIGURATION}-output-files.xcfilelist",
			);
			runOnlyForDeploymentPostprocessing = 0;
			shellPath = /bin/sh;
			shellScript = "\"${PODS_ROOT}/Target Support Files/Pods-almofireWeather/Pods-almofireWeather-frameworks.sh\"\n";
			showEnvVarsInLog = 0;
		};
		C56B7547D106A8C55FD1F4F3 /* [CP] Check Pods Manifest.lock */ = {
			isa = PBXShellScriptBuildPhase;
			buildActionMask = 2147483647;
			files = (
			);
			inputFileListPaths = (
			);
			inputPaths = (
				"${PODS_PODFILE_DIR_PATH}/Podfile.lock",
				"${PODS_ROOT}/Manifest.lock",
			);
			name = "[CP] Check Pods Manifest.lock";
			outputFileListPaths = (
			);
			outputPaths = (
				"$(DERIVED_FILE_DIR)/Pods-almofireWeather-checkManifestLockResult.txt",
			);
			runOnlyForDeploymentPostprocessing = 0;
			shellPath = /bin/sh;
			shellScript = "diff \"${PODS_PODFILE_DIR_PATH}/Podfile.lock\" \"${PODS_ROOT}/Manifest.lock\" > /dev/null\nif [ $? != 0 ] ; then\n    # print error to STDERR\n    echo \"error: The sandbox is not in sync with the Podfile.lock. Run 'pod install' or update your CocoaPods installation.\" >&2\n    exit 1\nfi\n# This output is used by Xcode 'outputs' to avoid re-running this script phase.\necho \"SUCCESS\" > \"${SCRIPT_OUTPUT_FILE_0}\"\n";
			showEnvVarsInLog = 0;
		};
/* End PBXShellScriptBuildPhase section */

/* Begin PBXSourcesBuildPhase section */
		5EBDA5E125002601001B11DD /* Sources */ = {
			isa = PBXSourcesBuildPhase;
			buildActionMask = 2147483647;
			files = (
				5EBDA5ED25002601001B11DD /* ViewController.swift in Sources */,
				5E3991692565C52F00F9A6E8 /* Modal.swift in Sources */,
				5E32795725043079001374D8 /* request.swift in Sources */,
				5E327965250E25E2001374D8 /* LocationManager.swift in Sources */,
				5EBDA5E925002601001B11DD /* AppDelegate.swift in Sources */,
				5E872424251D15E4006899E6 /* exUICollection.swift in Sources */,
				5EBDA5EB25002601001B11DD /* SceneDelegate.swift in Sources */,
				5E87241A251D13FC006899E6 /* ForecastCollectionViewCell.swift in Sources */,
				5E327963250D097E001374D8 /* IconsKey.swift in Sources */,
			);
			runOnlyForDeploymentPostprocessing = 0;
		};
/* End PBXSourcesBuildPhase section */

/* Begin PBXVariantGroup section */
		5EBDA5EE25002601001B11DD /* Main.storyboard */ = {
			isa = PBXVariantGroup;
			children = (
				5EBDA5EF25002601001B11DD /* Base */,
			);
			name = Main.storyboard;
			sourceTree = "<group>";
		};
		5EBDA5F32500260A001B11DD /* LaunchScreen.storyboard */ = {
			isa = PBXVariantGroup;
			children = (
				5EBDA5F42500260A001B11DD /* Base */,
			);
			name = LaunchScreen.storyboard;
			sourceTree = "<group>";
		};
/* End PBXVariantGroup section */

/* Begin XCBuildConfiguration section */
		5EBDA5F72500260A001B11DD /* Debug */ = {
			isa = XCBuildConfiguration;
			buildSettings = {
				ALWAYS_SEARCH_USER_PATHS = NO;
				CLANG_ANALYZER_NONNULL = YES;
				CLANG_ANALYZER_NUMBER_OBJECT_CONVERSION = YES_AGGRESSIVE;
				CLANG_CXX_LANGUAGE_STANDARD = "gnu++14";
				CLANG_CXX_LIBRARY = "libc++";
				CLANG_ENABLE_MODULES = YES;
				CLANG_ENABLE_OBJC_ARC = YES;
				CLANG_ENABLE_OBJC_WEAK = YES;
				CLANG_WARN_BLOCK_CAPTURE_AUTORELEASING = YES;
				CLANG_WARN_BOOL_CONVERSION = YES;
				CLANG_WARN_COMMA = YES;
				CLANG_WARN_CONSTANT_CONVERSION = YES;
				CLANG_WARN_DEPRECATED_OBJC_IMPLEMENTATIONS = YES;
				CLANG_WARN_DIRECT_OBJC_ISA_USAGE = YES_ERROR;
				CLANG_WARN_DOCUMENTATION_COMMENTS = YES;
				CLANG_WARN_EMPTY_BODY = YES;
				CLANG_WARN_ENUM_CONVERSION = YES;
				CLANG_WARN_INFINITE_RECURSION = YES;
				CLANG_WARN_INT_CONVERSION = YES;
				CLANG_WARN_NON_LITERAL_NULL_CONVERSION = YES;
				CLANG_WARN_OBJC_IMPLICIT_RETAIN_SELF = YES;
				CLANG_WARN_OBJC_LITERAL_CONVERSION = YES;
				CLANG_WARN_OBJC_ROOT_CLASS = YES_ERROR;
				CLANG_WARN_QUOTED_INCLUDE_IN_FRAMEWORK_HEADER = YES;
				CLANG_WARN_RANGE_LOOP_ANALYSIS = YES;
				CLANG_WARN_STRICT_PROTOTYPES = YES;
				CLANG_WARN_SUSPICIOUS_MOVE = YES;
				CLANG_WARN_UNGUARDED_AVAILABILITY = YES_AGGRESSIVE;
				CLANG_WARN_UNREACHABLE_CODE = YES;
				CLANG_WARN__DUPLICATE_METHOD_MATCH = YES;
				COPY_PHASE_STRIP = NO;
				DEBUG_INFORMATION_FORMAT = dwarf;
				ENABLE_STRICT_OBJC_MSGSEND = YES;
				ENABLE_TESTABILITY = YES;
				GCC_C_LANGUAGE_STANDARD = gnu11;
				GCC_DYNAMIC_NO_PIC = NO;
				GCC_NO_COMMON_BLOCKS = YES;
				GCC_OPTIMIZATION_LEVEL = 0;
				GCC_PREPROCESSOR_DEFINITIONS = (
					"DEBUG=1",
					"$(inherited)",
				);
				GCC_WARN_64_TO_32_BIT_CONVERSION = YES;
				GCC_WARN_ABOUT_RETURN_TYPE = YES_ERROR;
				GCC_WARN_UNDECLARED_SELECTOR = YES;
				GCC_WARN_UNINITIALIZED_AUTOS = YES_AGGRESSIVE;
				GCC_WARN_UNUSED_FUNCTION = YES;
				GCC_WARN_UNUSED_VARIABLE = YES;
				IPHONEOS_DEPLOYMENT_TARGET = 13.6;
				MTL_ENABLE_DEBUG_INFO = INCLUDE_SOURCE;
				MTL_FAST_MATH = YES;
				ONLY_ACTIVE_ARCH = YES;
				SDKROOT = iphoneos;
				SWIFT_ACTIVE_COMPILATION_CONDITIONS = DEBUG;
				SWIFT_OPTIMIZATION_LEVEL = "-Onone";
			};
			name = Debug;
		};
		5EBDA5F82500260A001B11DD /* Release */ = {
			isa = XCBuildConfiguration;
			buildSettings = {
				ALWAYS_SEARCH_USER_PATHS = NO;
				CLANG_ANALYZER_NONNULL = YES;
				CLANG_ANALYZER_NUMBER_OBJECT_CONVERSION = YES_AGGRESSIVE;
				CLANG_CXX_LANGUAGE_STANDARD = "gnu++14";
				CLANG_CXX_LIBRARY = "libc++";
				CLANG_ENABLE_MODULES = YES;
				CLANG_ENABLE_OBJC_ARC = YES;
				CLANG_ENABLE_OBJC_WEAK = YES;
				CLANG_WARN_BLOCK_CAPTURE_AUTORELEASING = YES;
				CLANG_WARN_BOOL_CONVERSION = YES;
				CLANG_WARN_COMMA = YES;
				CLANG_WARN_CONSTANT_CONVERSION = YES;
				CLANG_WARN_DEPRECATED_OBJC_IMPLEMENTATIONS = YES;
				CLANG_WARN_DIRECT_OBJC_ISA_USAGE = YES_ERROR;
				CLANG_WARN_DOCUMENTATION_COMMENTS = YES;
				CLANG_WARN_EMPTY_BODY = YES;
				CLANG_WARN_ENUM_CONVERSION = YES;
				CLANG_WARN_INFINITE_RECURSION = YES;
				CLANG_WARN_INT_CONVERSION = YES;
				CLANG_WARN_NON_LITERAL_NULL_CONVERSION = YES;
				CLANG_WARN_OBJC_IMPLICIT_RETAIN_SELF = YES;
				CLANG_WARN_OBJC_LITERAL_CONVERSION = YES;
				CLANG_WARN_OBJC_ROOT_CLASS = YES_ERROR;
				CLANG_WARN_QUOTED_INCLUDE_IN_FRAMEWORK_HEADER = YES;
				CLANG_WARN_RANGE_LOOP_ANALYSIS = YES;
				CLANG_WARN_STRICT_PROTOTYPES = YES;
				CLANG_WARN_SUSPICIOUS_MOVE = YES;
				CLANG_WARN_UNGUARDED_AVAILABILITY = YES_AGGRESSIVE;
				CLANG_WARN_UNREACHABLE_CODE = YES;
				CLANG_WARN__DUPLICATE_METHOD_MATCH = YES;
				COPY_PHASE_STRIP = NO;
				DEBUG_INFORMATION_FORMAT = "dwarf-with-dsym";
				ENABLE_NS_ASSERTIONS = NO;
				ENABLE_STRICT_OBJC_MSGSEND = YES;
				GCC_C_LANGUAGE_STANDARD = gnu11;
				GCC_NO_COMMON_BLOCKS = YES;
				GCC_WARN_64_TO_32_BIT_CONVERSION = YES;
				GCC_WARN_ABOUT_RETURN_TYPE = YES_ERROR;
				GCC_WARN_UNDECLARED_SELECTOR = YES;
				GCC_WARN_UNINITIALIZED_AUTOS = YES_AGGRESSIVE;
				GCC_WARN_UNUSED_FUNCTION = YES;
				GCC_WARN_UNUSED_VARIABLE = YES;
				IPHONEOS_DEPLOYMENT_TARGET = 13.6;
				MTL_ENABLE_DEBUG_INFO = NO;
				MTL_FAST_MATH = YES;
				SDKROOT = iphoneos;
				SWIFT_COMPILATION_MODE = wholemodule;
				SWIFT_OPTIMIZATION_LEVEL = "-O";
				VALIDATE_PRODUCT = YES;
			};
			name = Release;
		};
		5EBDA5FA2500260A001B11DD /* Debug */ = {
			isa = XCBuildConfiguration;
			baseConfigurationReference = FF5136ABE1E0E9ED4D13E545 /* Pods-almofireWeather.debug.xcconfig */;
			buildSettings = {
				ASSETCATALOG_COMPILER_APPICON_NAME = AppIcon;
				CODE_SIGN_STYLE = Automatic;
				DEVELOPMENT_TEAM = SDR7T3U5EH;
				INFOPLIST_FILE = almofireWeather/Info.plist;
				LD_RUNPATH_SEARCH_PATHS = (
					"$(inherited)",
					"@executable_path/Frameworks",
				);
				MARKETING_VERSION = 1.1;
				PRODUCT_BUNDLE_IDENTIFIER = Vecher13.almofireWeather;
				PRODUCT_NAME = "$(TARGET_NAME)";
				SWIFT_VERSION = 5.0;
				TARGETED_DEVICE_FAMILY = "1,2";
			};
			name = Debug;
		};
		5EBDA5FB2500260A001B11DD /* Release */ = {
			isa = XCBuildConfiguration;
			baseConfigurationReference = 420862EDA8BAF945EB9AF5D6 /* Pods-almofireWeather.release.xcconfig */;
			buildSettings = {
				ASSETCATALOG_COMPILER_APPICON_NAME = AppIcon;
				CODE_SIGN_STYLE = Automatic;
				DEVELOPMENT_TEAM = SDR7T3U5EH;
				INFOPLIST_FILE = almofireWeather/Info.plist;
				LD_RUNPATH_SEARCH_PATHS = (
					"$(inherited)",
					"@executable_path/Frameworks",
				);
				MARKETING_VERSION = 1.1;
				PRODUCT_BUNDLE_IDENTIFIER = Vecher13.almofireWeather;
				PRODUCT_NAME = "$(TARGET_NAME)";
				SWIFT_VERSION = 5.0;
				TARGETED_DEVICE_FAMILY = "1,2";
			};
			name = Release;
		};
/* End XCBuildConfiguration section */

/* Begin XCConfigurationList section */
		5EBDA5E025002601001B11DD /* Build configuration list for PBXProject "almofireWeather" */ = {
			isa = XCConfigurationList;
			buildConfigurations = (
				5EBDA5F72500260A001B11DD /* Debug */,
				5EBDA5F82500260A001B11DD /* Release */,
			);
			defaultConfigurationIsVisible = 0;
			defaultConfigurationName = Release;
		};
		5EBDA5F92500260A001B11DD /* Build configuration list for PBXNativeTarget "almofireWeather" */ = {
			isa = XCConfigurationList;
			buildConfigurations = (
				5EBDA5FA2500260A001B11DD /* Debug */,
				5EBDA5FB2500260A001B11DD /* Release */,
			);
			defaultConfigurationIsVisible = 0;
			defaultConfigurationName = Release;
		};
/* End XCConfigurationList section */
	};
	rootObject = 5EBDA5DD25002601001B11DD /* Project object */;
}
